
Microsoft Visual Studio Solution File, Format Version 12.00
# Visual Studio Version 17
VisualStudioVersion = 17.4.33122.133
MinimumVisualStudioVersion = 10.0.40219.1
Project("{FAE04EC0-301F-11D3-BF4B-00C04F79EFBC}") = "codeRunner.helper", "codeRunner.helper.csproj", "{FCA2627A-4695-47F6-86FF-714B29A7C800}"
EndProject
Global
	GlobalSection(SolutionConfigurationPlatforms) = preSolution
		Debug|Any CPU = Debug|Any CPU
		Release|Any CPU = Release|Any CPU
	EndGlobalSection
	GlobalSection(ProjectConfigurationPlatforms) = postSolution
		{FCA2627A-4695-47F6-86FF-714B29A7C800}.Debug|Any CPU.ActiveCfg = Debug|Any CPU
		{FCA2627A-4695-47F6-86FF-714B29A7C800}.Debug|Any CPU.Build.0 = Debug|Any CPU
		{FCA2627A-4695-47F6-86FF-714B29A7C800}.Release|Any CPU.ActiveCfg = Release|Any CPU
		{FCA2627A-4695-47F6-86FF-714B29A7C800}.Release|Any CPU.Build.0 = Release|Any CPU
	EndGlobalSection
	GlobalSection(SolutionProperties) = preSolution
		HideSolutionNode = FALSE
	EndGlobalSection
	GlobalSection(ExtensibilityGlobals) = postSolution
		SolutionGuid = {3CBDF3CA-9745-47FE-B3AA-5FCE691EDD0D}
	EndGlobalSection
EndGlobal
